# This file is automatically @generated by Cargo.
# It is not intended for manual editing.
version = 4

[[package]]
name = "doxygen-bindgen"
version = "0.1.4"
dependencies = [
 "yap",
]

[[package]]
name = "yap"
version = "0.12.0"
source = "registry+https://github.com/rust-lang/crates.io-index"
checksum = "bfe269e7b803a5e8e20cbd97860e136529cd83bf2c9c6d37b142467e7e1f051f"
